// !$*UTF8*$!
{
	archiveVersion = 1;
	classes = {
	};
	objectVersion = 52;
	objects = {

/* Begin PBXBuildFile section */
		7300D62B26B6847F00586E46 /* CertViewController.swift in Sources */ = {isa = PBXBuildFile; fileRef = 7300D62A26B6847F00586E46 /* CertViewController.swift */; };
		734FDDDE26BF8582002AE26E /* CustomSwitchViewController.swift in Sources */ = {isa = PBXBuildFile; fileRef = 734FDDDD26BF8582002AE26E /* CustomSwitchViewController.swift */; };
		736C4BBC26B5675B00BEB1CA /* AppDelegate.swift in Sources */ = {isa = PBXBuildFile; fileRef = 736C4BBB26B5675B00BEB1CA /* AppDelegate.swift */; };
		736C4BC026B5675B00BEB1CA /* ViewController.swift in Sources */ = {isa = PBXBuildFile; fileRef = 736C4BBF26B5675B00BEB1CA /* ViewController.swift */; };
		736C4BC526B5675E00BEB1CA /* Assets.xcassets in Resources */ = {isa = PBXBuildFile; fileRef = 736C4BC426B5675E00BEB1CA /* Assets.xcassets */; };
		736C4BD126B5685000BEB1CA /* SnapKit in Frameworks */ = {isa = PBXBuildFile; productRef = 736C4BD026B5685000BEB1CA /* SnapKit */; };
		7374465926C7E51300B6E3F3 /* ExpandableViewController.swift in Sources */ = {isa = PBXBuildFile; fileRef = 7374465826C7E51300B6E3F3 /* ExpandableViewController.swift */; };
		73CCA20A26BE77E800ECBC43 /* CustomKeyboardViewController.swift in Sources */ = {isa = PBXBuildFile; fileRef = 73CCA20926BE77E800ECBC43 /* CustomKeyboardViewController.swift */; };
		73CCA20C26BEBEDD00ECBC43 /* CustomKeyboard.swift in Sources */ = {isa = PBXBuildFile; fileRef = 73CCA20B26BEBEDD00ECBC43 /* CustomKeyboard.swift */; };
/* End PBXBuildFile section */

/* Begin PBXFileReference section */
		7300D62A26B6847F00586E46 /* CertViewController.swift */ = {isa = PBXFileReference; lastKnownFileType = sourcecode.swift; path = CertViewController.swift; sourceTree = "<group>"; };
		734FDDDD26BF8582002AE26E /* CustomSwitchViewController.swift */ = {isa = PBXFileReference; lastKnownFileType = sourcecode.swift; path = CustomSwitchViewController.swift; sourceTree = "<group>"; };
		736C4BB826B5675B00BEB1CA /* AutolayoutPractice.app */ = {isa = PBXFileReference; explicitFileType = wrapper.application; includeInIndex = 0; path = AutolayoutPractice.app; sourceTree = BUILT_PRODUCTS_DIR; };
		736C4BBB26B5675B00BEB1CA /* AppDelegate.swift */ = {isa = PBXFileReference; lastKnownFileType = sourcecode.swift; path = AppDelegate.swift; sourceTree = "<group>"; };
		736C4BBF26B5675B00BEB1CA /* ViewController.swift */ = {isa = PBXFileReference; lastKnownFileType = sourcecode.swift; path = ViewController.swift; sourceTree = "<group>"; };
		736C4BC426B5675E00BEB1CA /* Assets.xcassets */ = {isa = PBXFileReference; lastKnownFileType = folder.assetcatalog; path = Assets.xcassets; sourceTree = "<group>"; };
		736C4BC926B5675E00BEB1CA /* Info.plist */ = {isa = PBXFileReference; lastKnownFileType = text.plist.xml; path = Info.plist; sourceTree = "<group>"; };
		7374465826C7E51300B6E3F3 /* ExpandableViewController.swift */ = {isa = PBXFileReference; lastKnownFileType = sourcecode.swift; path = ExpandableViewController.swift; sourceTree = "<group>"; };
		73CCA20926BE77E800ECBC43 /* CustomKeyboardViewController.swift */ = {isa = PBXFileReference; lastKnownFileType = sourcecode.swift; path = CustomKeyboardViewController.swift; sourceTree = "<group>"; };
		73CCA20B26BEBEDD00ECBC43 /* CustomKeyboard.swift */ = {isa = PBXFileReference; lastKnownFileType = sourcecode.swift; path = CustomKeyboard.swift; sourceTree = "<group>"; };
/* End PBXFileReference section */

/* Begin PBXFrameworksBuildPhase section */
		736C4BB526B5675B00BEB1CA /* Frameworks */ = {
			isa = PBXFrameworksBuildPhase;
			buildActionMask = 2147483647;
			files = (
				736C4BD126B5685000BEB1CA /* SnapKit in Frameworks */,
			);
			runOnlyForDeploymentPostprocessing = 0;
		};
/* End PBXFrameworksBuildPhase section */

/* Begin PBXGroup section */
		736C4BAF26B5675B00BEB1CA = {
			isa = PBXGroup;
			children = (
				736C4BBA26B5675B00BEB1CA /* AutolayoutPractice */,
				736C4BB926B5675B00BEB1CA /* Products */,
			);
			sourceTree = "<group>";
		};
		736C4BB926B5675B00BEB1CA /* Products */ = {
			isa = PBXGroup;
			children = (
				736C4BB826B5675B00BEB1CA /* AutolayoutPractice.app */,
			);
			name = Products;
			sourceTree = "<group>";
		};
		736C4BBA26B5675B00BEB1CA /* AutolayoutPractice */ = {
			isa = PBXGroup;
			children = (
				736C4BBB26B5675B00BEB1CA /* AppDelegate.swift */,
				736C4BBF26B5675B00BEB1CA /* ViewController.swift */,
				736C4BC426B5675E00BEB1CA /* Assets.xcassets */,
				736C4BC926B5675E00BEB1CA /* Info.plist */,
				7300D62A26B6847F00586E46 /* CertViewController.swift */,
				73CCA20926BE77E800ECBC43 /* CustomKeyboardViewController.swift */,
				73CCA20B26BEBEDD00ECBC43 /* CustomKeyboard.swift */,
				734FDDDD26BF8582002AE26E /* CustomSwitchViewController.swift */,
				7374465826C7E51300B6E3F3 /* ExpandableViewController.swift */,
			);
			path = AutolayoutPractice;
			sourceTree = "<group>";
		};
/* End PBXGroup section */

/* Begin PBXNativeTarget section */
		736C4BB726B5675B00BEB1CA /* AutolayoutPractice */ = {
			isa = PBXNativeTarget;
			buildConfigurationList = 736C4BCC26B5675E00BEB1CA /* Build configuration list for PBXNativeTarget "AutolayoutPractice" */;
			buildPhases = (
				736C4BB426B5675B00BEB1CA /* Sources */,
				736C4BB526B5675B00BEB1CA /* Frameworks */,
				736C4BB626B5675B00BEB1CA /* Resources */,
			);
			buildRules = (
			);
			dependencies = (
			);
			name = AutolayoutPractice;
			packageProductDependencies = (
				736C4BD026B5685000BEB1CA /* SnapKit */,
			);
			productName = AutolayoutPractice;
			productReference = 736C4BB826B5675B00BEB1CA /* AutolayoutPractice.app */;
			productType = "com.apple.product-type.application";
		};
/* End PBXNativeTarget section */

/* Begin PBXProject section */
		736C4BB026B5675B00BEB1CA /* Project object */ = {
			isa = PBXProject;
			attributes = {
				LastSwiftUpdateCheck = 1250;
				LastUpgradeCheck = 1250;
				TargetAttributes = {
					736C4BB726B5675B00BEB1CA = {
						CreatedOnToolsVersion = 12.5;
					};
				};
			};
			buildConfigurationList = 736C4BB326B5675B00BEB1CA /* Build configuration list for PBXProject "AutolayoutPractice" */;
			compatibilityVersion = "Xcode 9.3";
			developmentRegion = en;
			hasScannedForEncodings = 0;
			knownRegions = (
				en,
				Base,
			);
			mainGroup = 736C4BAF26B5675B00BEB1CA;
			packageReferences = (
				736C4BCF26B5685000BEB1CA /* XCRemoteSwiftPackageReference "SnapKit" */,
			);
			productRefGroup = 736C4BB926B5675B00BEB1CA /* Products */;
			projectDirPath = "";
			projectRoot = "";
			targets = (
				736C4BB726B5675B00BEB1CA /* AutolayoutPractice */,
			);
		};
/* End PBXProject section */

/* Begin PBXResourcesBuildPhase section */
		736C4BB626B5675B00BEB1CA /* Resources */ = {
			isa = PBXResourcesBuildPhase;
			buildActionMask = 2147483647;
			files = (
				736C4BC526B5675E00BEB1CA /* Assets.xcassets in Resources */,
			);
			runOnlyForDeploymentPostprocessing = 0;
		};
/* End PBXResourcesBuildPhase section */

/* Begin PBXSourcesBuildPhase section */
		736C4BB426B5675B00BEB1CA /* Sources */ = {
			isa = PBXSourcesBuildPhase;
			buildActionMask = 2147483647;
			files = (
				7374465926C7E51300B6E3F3 /* ExpandableViewController.swift in Sources */,
				73CCA20A26BE77E800ECBC43 /* CustomKeyboardViewController.swift in Sources */,
				73CCA20C26BEBEDD00ECBC43 /* CustomKeyboard.swift in Sources */,
				734FDDDE26BF8582002AE26E /* CustomSwitchViewController.swift in Sources */,
				7300D62B26B6847F00586E46 /* CertViewController.swift in Sources */,
				736C4BC026B5675B00BEB1CA /* ViewController.swift in Sources */,
				736C4BBC26B5675B00BEB1CA /* AppDelegate.swift in Sources */,
			);
			runOnlyForDeploymentPostprocessing = 0;
		};
/* End PBXSourcesBuildPhase section */

/* Begin XCBuildConfiguration section */
		736C4BCA26B5675E00BEB1CA /* Debug */ = {
			isa = XCBuildConfiguration;
			buildSettings = {
				ALWAYS_SEARCH_USER_PATHS = NO;
				CLANG_ANALYZER_NONNULL = YES;
				CLANG_ANALYZER_NUMBER_OBJECT_CONVERSION = YES_AGGRESSIVE;
				CLANG_CXX_LANGUAGE_STANDARD = "gnu++14";
				CLANG_CXX_LIBRARY = "libc++";
				CLANG_ENABLE_MODULES = YES;
				CLANG_ENABLE_OBJC_ARC = YES;
				CLANG_ENABLE_OBJC_WEAK = YES;
				CLANG_WARN_BLOCK_CAPTURE_AUTORELEASING = YES;
				CLANG_WARN_BOOL_CONVERSION = YES;
				CLANG_WARN_COMMA = YES;
				CLANG_WARN_CONSTANT_CONVERSION = YES;
				CLANG_WARN_DEPRECATED_OBJC_IMPLEMENTATIONS = YES;
				CLANG_WARN_DIRECT_OBJC_ISA_USAGE = YES_ERROR;
				CLANG_WARN_DOCUMENTATION_COMMENTS = YES;
				CLANG_WARN_EMPTY_BODY = YES;
				CLANG_WARN_ENUM_CONVERSION = YES;
				CLANG_WARN_INFINITE_RECURSION = YES;
				CLANG_WARN_INT_CONVERSION = YES;
				CLANG_WARN_NON_LITERAL_NULL_CONVERSION = YES;
				CLANG_WARN_OBJC_IMPLICIT_RETAIN_SELF = YES;
				CLANG_WARN_OBJC_LITERAL_CONVERSION = YES;
				CLANG_WARN_OBJC_ROOT_CLASS = YES_ERROR;
				CLANG_WARN_QUOTED_INCLUDE_IN_FRAMEWORK_HEADER = YES;
				CLANG_WARN_RANGE_LOOP_ANALYSIS = YES;
				CLANG_WARN_STRICT_PROTOTYPES = YES;
				CLANG_WARN_SUSPICIOUS_MOVE = YES;
				CLANG_WARN_UNGUARDED_AVAILABILITY = YES_AGGRESSIVE;
				CLANG_WARN_UNREACHABLE_CODE = YES;
				CLANG_WARN__DUPLICATE_METHOD_MATCH = YES;
				COPY_PHASE_STRIP = NO;
				DEBUG_INFORMATION_FORMAT = dwarf;
				ENABLE_STRICT_OBJC_MSGSEND = YES;
				ENABLE_TESTABILITY = YES;
				GCC_C_LANGUAGE_STANDARD = gnu11;
				GCC_DYNAMIC_NO_PIC = NO;
				GCC_NO_COMMON_BLOCKS = YES;
				GCC_OPTIMIZATION_LEVEL = 0;
				GCC_PREPROCESSOR_DEFINITIONS = (
					"DEBUG=1",
					"$(inherited)",
				);
				GCC_WARN_64_TO_32_BIT_CONVERSION = YES;
				GCC_WARN_ABOUT_RETURN_TYPE = YES_ERROR;
				GCC_WARN_UNDECLARED_SELECTOR = YES;
				GCC_WARN_UNINITIALIZED_AUTOS = YES_AGGRESSIVE;
				GCC_WARN_UNUSED_FUNCTION = YES;
				GCC_WARN_UNUSED_VARIABLE = YES;
				IPHONEOS_DEPLOYMENT_TARGET = 14.5;
				MTL_ENABLE_DEBUG_INFO = INCLUDE_SOURCE;
				MTL_FAST_MATH = YES;
				ONLY_ACTIVE_ARCH = YES;
				SDKROOT = iphoneos;
				SWIFT_ACTIVE_COMPILATION_CONDITIONS = DEBUG;
				SWIFT_OPTIMIZATION_LEVEL = "-Onone";
			};
			name = Debug;
		};
		736C4BCB26B5675E00BEB1CA /* Release */ = {
			isa = XCBuildConfiguration;
			buildSettings = {
				ALWAYS_SEARCH_USER_PATHS = NO;
				CLANG_ANALYZER_NONNULL = YES;
				CLANG_ANALYZER_NUMBER_OBJECT_CONVERSION = YES_AGGRESSIVE;
				CLANG_CXX_LANGUAGE_STANDARD = "gnu++14";
				CLANG_CXX_LIBRARY = "libc++";
				CLANG_ENABLE_MODULES = YES;
				CLANG_ENABLE_OBJC_ARC = YES;
				CLANG_ENABLE_OBJC_WEAK = YES;
				CLANG_WARN_BLOCK_CAPTURE_AUTORELEASING = YES;
				CLANG_WARN_BOOL_CONVERSION = YES;
				CLANG_WARN_COMMA = YES;
				CLANG_WARN_CONSTANT_CONVERSION = YES;
				CLANG_WARN_DEPRECATED_OBJC_IMPLEMENTATIONS = YES;
				CLANG_WARN_DIRECT_OBJC_ISA_USAGE = YES_ERROR;
				CLANG_WARN_DOCUMENTATION_COMMENTS = YES;
				CLANG_WARN_EMPTY_BODY = YES;
				CLANG_WARN_ENUM_CONVERSION = YES;
				CLANG_WARN_INFINITE_RECURSION = YES;
				CLANG_WARN_INT_CONVERSION = YES;
				CLANG_WARN_NON_LITERAL_NULL_CONVERSION = YES;
				CLANG_WARN_OBJC_IMPLICIT_RETAIN_SELF = YES;
				CLANG_WARN_OBJC_LITERAL_CONVERSION = YES;
				CLANG_WARN_OBJC_ROOT_CLASS = YES_ERROR;
				CLANG_WARN_QUOTED_INCLUDE_IN_FRAMEWORK_HEADER = YES;
				CLANG_WARN_RANGE_LOOP_ANALYSIS = YES;
				CLANG_WARN_STRICT_PROTOTYPES = YES;
				CLANG_WARN_SUSPICIOUS_MOVE = YES;
				CLANG_WARN_UNGUARDED_AVAILABILITY = YES_AGGRESSIVE;
				CLANG_WARN_UNREACHABLE_CODE = YES;
				CLANG_WARN__DUPLICATE_METHOD_MATCH = YES;
				COPY_PHASE_STRIP = NO;
				DEBUG_INFORMATION_FORMAT = "dwarf-with-dsym";
				ENABLE_NS_ASSERTIONS = NO;
				ENABLE_STRICT_OBJC_MSGSEND = YES;
				GCC_C_LANGUAGE_STANDARD = gnu11;
				GCC_NO_COMMON_BLOCKS = YES;
				GCC_WARN_64_TO_32_BIT_CONVERSION = YES;
				GCC_WARN_ABOUT_RETURN_TYPE = YES_ERROR;
				GCC_WARN_UNDECLARED_SELECTOR = YES;
				GCC_WARN_UNINITIALIZED_AUTOS = YES_AGGRESSIVE;
				GCC_WARN_UNUSED_FUNCTION = YES;
				GCC_WARN_UNUSED_VARIABLE = YES;
				IPHONEOS_DEPLOYMENT_TARGET = 14.5;
				MTL_ENABLE_DEBUG_INFO = NO;
				MTL_FAST_MATH = YES;
				SDKROOT = iphoneos;
				SWIFT_COMPILATION_MODE = wholemodule;
				SWIFT_OPTIMIZATION_LEVEL = "-O";
				VALIDATE_PRODUCT = YES;
			};
			name = Release;
		};
		736C4BCD26B5675E00BEB1CA /* Debug */ = {
			isa = XCBuildConfiguration;
			buildSettings = {
				ASSETCATALOG_COMPILER_APPICON_NAME = AppIcon;
				ASSETCATALOG_COMPILER_GLOBAL_ACCENT_COLOR_NAME = AccentColor;
				CODE_SIGN_STYLE = Automatic;
				DEVELOPMENT_TEAM = QL44HLLM22;
				INFOPLIST_FILE = AutolayoutPractice/Info.plist;
				LD_RUNPATH_SEARCH_PATHS = (
					"$(inherited)",
					"@executable_path/Frameworks",
				);
				PRODUCT_BUNDLE_IDENTIFIER = moon.AutolayoutPractice;
				PRODUCT_NAME = "$(TARGET_NAME)";
				SWIFT_VERSION = 5.0;
				TARGETED_DEVICE_FAMILY = "1,2";
			};
			name = Debug;
		};
		736C4BCE26B5675E00BEB1CA /* Release */ = {
			isa = XCBuildConfiguration;
			buildSettings = {
				ASSETCATALOG_COMPILER_APPICON_NAME = AppIcon;
				ASSETCATALOG_COMPILER_GLOBAL_ACCENT_COLOR_NAME = AccentColor;
				CODE_SIGN_STYLE = Automatic;
				DEVELOPMENT_TEAM = QL44HLLM22;
				INFOPLIST_FILE = AutolayoutPractice/Info.plist;
				LD_RUNPATH_SEARCH_PATHS = (
					"$(inherited)",
					"@executable_path/Frameworks",
				);
				PRODUCT_BUNDLE_IDENTIFIER = moon.AutolayoutPractice;
				PRODUCT_NAME = "$(TARGET_NAME)";
				SWIFT_VERSION = 5.0;
				TARGETED_DEVICE_FAMILY = "1,2";
			};
			name = Release;
		};
/* End XCBuildConfiguration section */

/* Begin XCConfigurationList section */
		736C4BB326B5675B00BEB1CA /* Build configuration list for PBXProject "AutolayoutPractice" */ = {
			isa = XCConfigurationList;
			buildConfigurations = (
				736C4BCA26B5675E00BEB1CA /* Debug */,
				736C4BCB26B5675E00BEB1CA /* Release */,
			);
			defaultConfigurationIsVisible = 0;
			defaultConfigurationName = Release;
		};
		736C4BCC26B5675E00BEB1CA /* Build configuration list for PBXNativeTarget "AutolayoutPractice" */ = {
			isa = XCConfigurationList;
			buildConfigurations = (
				736C4BCD26B5675E00BEB1CA /* Debug */,
				736C4BCE26B5675E00BEB1CA /* Release */,
			);
			defaultConfigurationIsVisible = 0;
			defaultConfigurationName = Release;
		};
/* End XCConfigurationList section */

/* Begin XCRemoteSwiftPackageReference section */
		736C4BCF26B5685000BEB1CA /* XCRemoteSwiftPackageReference "SnapKit" */ = {
			isa = XCRemoteSwiftPackageReference;
			repositoryURL = "https://github.com/SnapKit/SnapKit";
			requirement = {
				kind = upToNextMajorVersion;
				minimumVersion = 5.0.1;
			};
		};
/* End XCRemoteSwiftPackageReference section */

/* Begin XCSwiftPackageProductDependency section */
		736C4BD026B5685000BEB1CA /* SnapKit */ = {
			isa = XCSwiftPackageProductDependency;
			package = 736C4BCF26B5685000BEB1CA /* XCRemoteSwiftPackageReference "SnapKit" */;
			productName = SnapKit;
		};
/* End XCSwiftPackageProductDependency section */
	};
	rootObject = 736C4BB026B5675B00BEB1CA /* Project object */;
}
